
Microsoft Visual Studio Solution File, Format Version 12.00
#
Project("{2150E333-8FDC-42A3-9474-1A3956D46DE8}") = "src", "src", "{9F531261-C913-4E14-B913-261E55FEBCDD}"
EndProject
Project("{FAE04EC0-301F-11D3-BF4B-00C04F79EFBC}") = "Dal", "src\Dal\Dal.csproj", "{0B759FD9-0670-4C5E-AE7B-73A079DD3988}"
EndProject
Project("{FAE04EC0-301F-11D3-BF4B-00C04F79EFBC}") = "Bll", "src\Bll\Bll.csproj", "{868503F7-C711-46BB-8542-72483EB9FA19}"
EndProject
Project("{FAE04EC0-301F-11D3-BF4B-00C04F79EFBC}") = "Api", "src\Api\Api.csproj", "{84299DBF-9F9C-412B-B7FD-D287DD5AB33F}"
EndProject
Project("{2150E333-8FDC-42A3-9474-1A3956D46DE8}") = "test", "test", "{BDFC5593-4BD5-4EAE-86EE-A9EC7FF46C9E}"
EndProject
Project("{FAE04EC0-301F-11D3-BF4B-00C04F79EFBC}") = "ApiTest", "test\ApiTest\ApiTest.csproj", "{456F25B9-82F2-4BBC-BF6C-A6EA5242716E}"
EndProject
Project("{FAE04EC0-301F-11D3-BF4B-00C04F79EFBC}") = "BllTest", "test\BllTest\BllTest.csproj", "{7C043C81-94C8-474C-857A-1F4228FF428E}"
EndProject
Project("{FAE04EC0-301F-11D3-BF4B-00C04F79EFBC}") = "DalTest", "test\DalTest\DalTest.csproj", "{D70AB13A-5B14-4B85-8021-A1A01B4923EB}"
EndProject
Global
	GlobalSection(SolutionConfigurationPlatforms) = preSolution
		Debug|Any CPU = Debug|Any CPU
		Release|Any CPU = Release|Any CPU
	EndGlobalSection
	GlobalSection(ProjectConfigurationPlatforms) = postSolution
		{0B759FD9-0670-4C5E-AE7B-73A079DD3988}.Debug|Any CPU.ActiveCfg = Debug|Any CPU
		{0B759FD9-0670-4C5E-AE7B-73A079DD3988}.Debug|Any CPU.Build.0 = Debug|Any CPU
		{0B759FD9-0670-4C5E-AE7B-73A079DD3988}.Release|Any CPU.ActiveCfg = Release|Any CPU
		{0B759FD9-0670-4C5E-AE7B-73A079DD3988}.Release|Any CPU.Build.0 = Release|Any CPU
		{868503F7-C711-46BB-8542-72483EB9FA19}.Debug|Any CPU.ActiveCfg = Debug|Any CPU
		{868503F7-C711-46BB-8542-72483EB9FA19}.Debug|Any CPU.Build.0 = Debug|Any CPU
		{868503F7-C711-46BB-8542-72483EB9FA19}.Release|Any CPU.ActiveCfg = Release|Any CPU
		{868503F7-C711-46BB-8542-72483EB9FA19}.Release|Any CPU.Build.0 = Release|Any CPU
		{84299DBF-9F9C-412B-B7FD-D287DD5AB33F}.Debug|Any CPU.ActiveCfg = Debug|Any CPU
		{84299DBF-9F9C-412B-B7FD-D287DD5AB33F}.Debug|Any CPU.Build.0 = Debug|Any CPU
		{84299DBF-9F9C-412B-B7FD-D287DD5AB33F}.Release|Any CPU.ActiveCfg = Release|Any CPU
		{84299DBF-9F9C-412B-B7FD-D287DD5AB33F}.Release|Any CPU.Build.0 = Release|Any CPU
		{456F25B9-82F2-4BBC-BF6C-A6EA5242716E}.Debug|Any CPU.ActiveCfg = Debug|Any CPU
		{456F25B9-82F2-4BBC-BF6C-A6EA5242716E}.Debug|Any CPU.Build.0 = Debug|Any CPU
		{456F25B9-82F2-4BBC-BF6C-A6EA5242716E}.Release|Any CPU.ActiveCfg = Release|Any CPU
		{456F25B9-82F2-4BBC-BF6C-A6EA5242716E}.Release|Any CPU.Build.0 = Release|Any CPU
		{7C043C81-94C8-474C-857A-1F4228FF428E}.Debug|Any CPU.ActiveCfg = Debug|Any CPU
		{7C043C81-94C8-474C-857A-1F4228FF428E}.Debug|Any CPU.Build.0 = Debug|Any CPU
		{7C043C81-94C8-474C-857A-1F4228FF428E}.Release|Any CPU.ActiveCfg = Release|Any CPU
		{7C043C81-94C8-474C-857A-1F4228FF428E}.Release|Any CPU.Build.0 = Release|Any CPU
		{D70AB13A-5B14-4B85-8021-A1A01B4923EB}.Debug|Any CPU.ActiveCfg = Debug|Any CPU
		{D70AB13A-5B14-4B85-8021-A1A01B4923EB}.Debug|Any CPU.Build.0 = Debug|Any CPU
		{D70AB13A-5B14-4B85-8021-A1A01B4923EB}.Release|Any CPU.ActiveCfg = Release|Any CPU
		{D70AB13A-5B14-4B85-8021-A1A01B4923EB}.Release|Any CPU.Build.0 = Release|Any CPU
	EndGlobalSection
	GlobalSection(NestedProjects) = preSolution
		{0B759FD9-0670-4C5E-AE7B-73A079DD3988} = {9F531261-C913-4E14-B913-261E55FEBCDD}
		{868503F7-C711-46BB-8542-72483EB9FA19} = {9F531261-C913-4E14-B913-261E55FEBCDD}
		{84299DBF-9F9C-412B-B7FD-D287DD5AB33F} = {9F531261-C913-4E14-B913-261E55FEBCDD}
		{456F25B9-82F2-4BBC-BF6C-A6EA5242716E} = {BDFC5593-4BD5-4EAE-86EE-A9EC7FF46C9E}
		{7C043C81-94C8-474C-857A-1F4228FF428E} = {BDFC5593-4BD5-4EAE-86EE-A9EC7FF46C9E}
		{D70AB13A-5B14-4B85-8021-A1A01B4923EB} = {BDFC5593-4BD5-4EAE-86EE-A9EC7FF46C9E}
	EndGlobalSection
EndGlobal
